
Microsoft Visual Studio Solution File, Format Version 12.00
# Visual Studio Version 17
VisualStudioVersion = 17.5.002.0
MinimumVisualStudioVersion = 10.0.40219.1
Project("{9A19103F-16F7-4668-BE54-9A1E7A4F7556}") = "backend", "backend\backend.csproj", "{389B27F4-4AB2-4C5C-A587-5F6FDFD7484D}"
EndProject
Global
	GlobalSection(SolutionConfigurationPlatforms) = preSolution
		Debug|Any CPU = Debug|Any CPU
		Release|Any CPU = Release|Any CPU
	EndGlobalSection
	GlobalSection(ProjectConfigurationPlatforms) = postSolution
		{389B27F4-4AB2-4C5C-A587-5F6FDFD7484D}.Debug|Any CPU.ActiveCfg = Debug|Any CPU
		{389B27F4-4AB2-4C5C-A587-5F6FDFD7484D}.Debug|Any CPU.Build.0 = Debug|Any CPU
		{389B27F4-4AB2-4C5C-A587-5F6FDFD7484D}.Release|Any CPU.ActiveCfg = Release|Any CPU
		{389B27F4-4AB2-4C5C-A587-5F6FDFD7484D}.Release|Any CPU.Build.0 = Release|Any CPU
	EndGlobalSection
	GlobalSection(SolutionProperties) = preSolution
		HideSolutionNode = FALSE
	EndGlobalSection
	GlobalSection(ExtensibilityGlobals) = postSolution
		SolutionGuid = {750CC815-EE2D-492B-BBF4-CAC9974D2CEF}
	EndGlobalSection
EndGlobal
